
Microsoft Visual Studio Solution File, Format Version 12.00
# Visual Studio 15
VisualStudioVersion = 15.0.27004.2009
MinimumVisualStudioVersion = 10.0.40219.1
Project("{FAE04EC0-301F-11D3-BF4B-00C04F79EFBC}") = "MyXamarinApp.Android", "MyXamarinApp\MyXamarinApp.Android\MyXamarinApp.Android.csproj", "{F3B57927-E203-42A2-8CDB-861FC14CB808}"
EndProject
Project("{FAE04EC0-301F-11D3-BF4B-00C04F79EFBC}") = "MyXamarinApp", "MyXamarinApp\MyXamarinApp\MyXamarinApp.csproj", "{1BFEAA9E-C803-41BA-B181-3DE83E048F10}"
EndProject
Project("{FAE04EC0-301F-11D3-BF4B-00C04F79EFBC}") = "MyXamarinApp.UWP", "MyXamarinApp\MyXamarinApp.UWP\MyXamarinApp.UWP.csproj", "{B1DEE71E-CA00-4C9B-880C-6CFEF895E26C}"
EndProject
Project("{FAE04EC0-301F-11D3-BF4B-00C04F79EFBC}") = "MyXamarinApp.iOS", "MyXamarinApp\MyXamarinApp.iOS\MyXamarinApp.iOS.csproj", "{301EE275-18D8-4476-A0E7-E64EF3AB102F}"
EndProject
Project("{FAE04EC0-301F-11D3-BF4B-00C04F79EFBC}") = "XamarinAppUnitTest", "XamarinAppUnitTest\XamarinAppUnitTest.csproj", "{53E66748-FB00-410B-9BCC-3DA8985B00AC}"
EndProject
Project("{FAE04EC0-301F-11D3-BF4B-00C04F79EFBC}") = "AndroidUnitTestApp", "AndroidUnitTestApp\AndroidUnitTestApp.csproj", "{64BD7640-9B15-4597-B07A-C3C192FB7BFB}"
EndProject
Project("{FAE04EC0-301F-11D3-BF4B-00C04F79EFBC}") = "AndroidUiTest", "AndroidUiTest\AndroidUiTest.csproj", "{DDCEB2EF-C32A-4EFE-B4B9-2F124A2A4D70}"
EndProject
Global
	GlobalSection(SolutionConfigurationPlatforms) = preSolution
		Ad-Hoc|Any CPU = Ad-Hoc|Any CPU
		Ad-Hoc|ARM = Ad-Hoc|ARM
		Ad-Hoc|iPhone = Ad-Hoc|iPhone
		Ad-Hoc|iPhoneSimulator = Ad-Hoc|iPhoneSimulator
		Ad-Hoc|x64 = Ad-Hoc|x64
		Ad-Hoc|x86 = Ad-Hoc|x86
		AppStore|Any CPU = AppStore|Any CPU
		AppStore|ARM = AppStore|ARM
		AppStore|iPhone = AppStore|iPhone
		AppStore|iPhoneSimulator = AppStore|iPhoneSimulator
		AppStore|x64 = AppStore|x64
		AppStore|x86 = AppStore|x86
		Debug|Any CPU = Debug|Any CPU
		Debug|ARM = Debug|ARM
		Debug|iPhone = Debug|iPhone
		Debug|iPhoneSimulator = Debug|iPhoneSimulator
		Debug|x64 = Debug|x64
		Debug|x86 = Debug|x86
		Release|Any CPU = Release|Any CPU
		Release|ARM = Release|ARM
		Release|iPhone = Release|iPhone
		Release|iPhoneSimulator = Release|iPhoneSimulator
		Release|x64 = Release|x64
		Release|x86 = Release|x86
	EndGlobalSection
	GlobalSection(ProjectConfigurationPlatforms) = postSolution
		{F3B57927-E203-42A2-8CDB-861FC14CB808}.Ad-Hoc|Any CPU.ActiveCfg = Release|Any CPU
		{F3B57927-E203-42A2-8CDB-861FC14CB808}.Ad-Hoc|Any CPU.Build.0 = Release|Any CPU
		{F3B57927-E203-42A2-8CDB-861FC14CB808}.Ad-Hoc|Any CPU.Deploy.0 = Release|Any CPU
		{F3B57927-E203-42A2-8CDB-861FC14CB808}.Ad-Hoc|ARM.ActiveCfg = Release|Any CPU
		{F3B57927-E203-42A2-8CDB-861FC14CB808}.Ad-Hoc|ARM.Build.0 = Release|Any CPU
		{F3B57927-E203-42A2-8CDB-861FC14CB808}.Ad-Hoc|ARM.Deploy.0 = Release|Any CPU
		{F3B57927-E203-42A2-8CDB-861FC14CB808}.Ad-Hoc|iPhone.ActiveCfg = Release|Any CPU
		{F3B57927-E203-42A2-8CDB-861FC14CB808}.Ad-Hoc|iPhone.Build.0 = Release|Any CPU
		{F3B57927-E203-42A2-8CDB-861FC14CB808}.Ad-Hoc|iPhone.Deploy.0 = Release|Any CPU
		{F3B57927-E203-42A2-8CDB-861FC14CB808}.Ad-Hoc|iPhoneSimulator.ActiveCfg = Release|Any CPU
		{F3B57927-E203-42A2-8CDB-861FC14CB808}.Ad-Hoc|iPhoneSimulator.Build.0 = Release|Any CPU
		{F3B57927-E203-42A2-8CDB-861FC14CB808}.Ad-Hoc|iPhoneSimulator.Deploy.0 = Release|Any CPU
		{F3B57927-E203-42A2-8CDB-861FC14CB808}.Ad-Hoc|x64.ActiveCfg = Release|Any CPU
		{F3B57927-E203-42A2-8CDB-861FC14CB808}.Ad-Hoc|x64.Build.0 = Release|Any CPU
		{F3B57927-E203-42A2-8CDB-861FC14CB808}.Ad-Hoc|x64.Deploy.0 = Release|Any CPU
		{F3B57927-E203-42A2-8CDB-861FC14CB808}.Ad-Hoc|x86.ActiveCfg = Release|Any CPU
		{F3B57927-E203-42A2-8CDB-861FC14CB808}.Ad-Hoc|x86.Build.0 = Release|Any CPU
		{F3B57927-E203-42A2-8CDB-861FC14CB808}.Ad-Hoc|x86.Deploy.0 = Release|Any CPU
		{F3B57927-E203-42A2-8CDB-861FC14CB808}.AppStore|Any CPU.ActiveCfg = Release|Any CPU
		{F3B57927-E203-42A2-8CDB-861FC14CB808}.AppStore|Any CPU.Build.0 = Release|Any CPU
		{F3B57927-E203-42A2-8CDB-861FC14CB808}.AppStore|Any CPU.Deploy.0 = Release|Any CPU
		{F3B57927-E203-42A2-8CDB-861FC14CB808}.AppStore|ARM.ActiveCfg = Release|Any CPU
		{F3B57927-E203-42A2-8CDB-861FC14CB808}.AppStore|ARM.Build.0 = Release|Any CPU
		{F3B57927-E203-42A2-8CDB-861FC14CB808}.AppStore|ARM.Deploy.0 = Release|Any CPU
		{F3B57927-E203-42A2-8CDB-861FC14CB808}.AppStore|iPhone.ActiveCfg = Release|Any CPU
		{F3B57927-E203-42A2-8CDB-861FC14CB808}.AppStore|iPhone.Build.0 = Release|Any CPU
		{F3B57927-E203-42A2-8CDB-861FC14CB808}.AppStore|iPhone.Deploy.0 = Release|Any CPU
		{F3B57927-E203-42A2-8CDB-861FC14CB808}.AppStore|iPhoneSimulator.ActiveCfg = Release|Any CPU
		{F3B57927-E203-42A2-8CDB-861FC14CB808}.AppStore|iPhoneSimulator.Build.0 = Release|Any CPU
		{F3B57927-E203-42A2-8CDB-861FC14CB808}.AppStore|iPhoneSimulator.Deploy.0 = Release|Any CPU
		{F3B57927-E203-42A2-8CDB-861FC14CB808}.AppStore|x64.ActiveCfg = Release|Any CPU
		{F3B57927-E203-42A2-8CDB-861FC14CB808}.AppStore|x64.Build.0 = Release|Any CPU
		{F3B57927-E203-42A2-8CDB-861FC14CB808}.AppStore|x64.Deploy.0 = Release|Any CPU
		{F3B57927-E203-42A2-8CDB-861FC14CB808}.AppStore|x86.ActiveCfg = Release|Any CPU
		{F3B57927-E203-42A2-8CDB-861FC14CB808}.AppStore|x86.Build.0 = Release|Any CPU
		{F3B57927-E203-42A2-8CDB-861FC14CB808}.AppStore|x86.Deploy.0 = Release|Any CPU
		{F3B57927-E203-42A2-8CDB-861FC14CB808}.Debug|Any CPU.ActiveCfg = Debug|Any CPU
		{F3B57927-E203-42A2-8CDB-861FC14CB808}.Debug|Any CPU.Build.0 = Debug|Any CPU
		{F3B57927-E203-42A2-8CDB-861FC14CB808}.Debug|Any CPU.Deploy.0 = Debug|Any CPU
		{F3B57927-E203-42A2-8CDB-861FC14CB808}.Debug|ARM.ActiveCfg = Debug|Any CPU
		{F3B57927-E203-42A2-8CDB-861FC14CB808}.Debug|ARM.Build.0 = Debug|Any CPU
		{F3B57927-E203-42A2-8CDB-861FC14CB808}.Debug|ARM.Deploy.0 = Debug|Any CPU
		{F3B57927-E203-42A2-8CDB-861FC14CB808}.Debug|iPhone.ActiveCfg = Debug|Any CPU
		{F3B57927-E203-42A2-8CDB-861FC14CB808}.Debug|iPhone.Build.0 = Debug|Any CPU
		{F3B57927-E203-42A2-8CDB-861FC14CB808}.Debug|iPhone.Deploy.0 = Debug|Any CPU
		{F3B57927-E203-42A2-8CDB-861FC14CB808}.Debug|iPhoneSimulator.ActiveCfg = Debug|Any CPU
		{F3B57927-E203-42A2-8CDB-861FC14CB808}.Debug|iPhoneSimulator.Build.0 = Debug|Any CPU
		{F3B57927-E203-42A2-8CDB-861FC14CB808}.Debug|iPhoneSimulator.Deploy.0 = Debug|Any CPU
		{F3B57927-E203-42A2-8CDB-861FC14CB808}.Debug|x64.ActiveCfg = Debug|Any CPU
		{F3B57927-E203-42A2-8CDB-861FC14CB808}.Debug|x64.Build.0 = Debug|Any CPU
		{F3B57927-E203-42A2-8CDB-861FC14CB808}.Debug|x64.Deploy.0 = Debug|Any CPU
		{F3B57927-E203-42A2-8CDB-861FC14CB808}.Debug|x86.ActiveCfg = Debug|Any CPU
		{F3B57927-E203-42A2-8CDB-861FC14CB808}.Debug|x86.Build.0 = Debug|Any CPU
		{F3B57927-E203-42A2-8CDB-861FC14CB808}.Debug|x86.Deploy.0 = Debug|Any CPU
		{F3B57927-E203-42A2-8CDB-861FC14CB808}.Release|Any CPU.ActiveCfg = Release|Any CPU
		{F3B57927-E203-42A2-8CDB-861FC14CB808}.Release|Any CPU.Build.0 = Release|Any CPU
		{F3B57927-E203-42A2-8CDB-861FC14CB808}.Release|Any CPU.Deploy.0 = Release|Any CPU
		{F3B57927-E203-42A2-8CDB-861FC14CB808}.Release|ARM.ActiveCfg = Release|Any CPU
		{F3B57927-E203-42A2-8CDB-861FC14CB808}.Release|ARM.Build.0 = Release|Any CPU
		{F3B57927-E203-42A2-8CDB-861FC14CB808}.Release|ARM.Deploy.0 = Release|Any CPU
		{F3B57927-E203-42A2-8CDB-861FC14CB808}.Release|iPhone.ActiveCfg = Release|Any CPU
		{F3B57927-E203-42A2-8CDB-861FC14CB808}.Release|iPhone.Build.0 = Release|Any CPU
		{F3B57927-E203-42A2-8CDB-861FC14CB808}.Release|iPhone.Deploy.0 = Release|Any CPU
		{F3B57927-E203-42A2-8CDB-861FC14CB808}.Release|iPhoneSimulator.ActiveCfg = Release|Any CPU
		{F3B57927-E203-42A2-8CDB-861FC14CB808}.Release|iPhoneSimulator.Build.0 = Release|Any CPU
		{F3B57927-E203-42A2-8CDB-861FC14CB808}.Release|iPhoneSimulator.Deploy.0 = Release|Any CPU
		{F3B57927-E203-42A2-8CDB-861FC14CB808}.Release|x64.ActiveCfg = Release|Any CPU
		{F3B57927-E203-42A2-8CDB-861FC14CB808}.Release|x64.Build.0 = Release|Any CPU
		{F3B57927-E203-42A2-8CDB-861FC14CB808}.Release|x64.Deploy.0 = Release|Any CPU
		{F3B57927-E203-42A2-8CDB-861FC14CB808}.Release|x86.ActiveCfg = Release|Any CPU
		{F3B57927-E203-42A2-8CDB-861FC14CB808}.Release|x86.Build.0 = Release|Any CPU
		{F3B57927-E203-42A2-8CDB-861FC14CB808}.Release|x86.Deploy.0 = Release|Any CPU
		{1BFEAA9E-C803-41BA-B181-3DE83E048F10}.Ad-Hoc|Any CPU.ActiveCfg = Release|Any CPU
		{1BFEAA9E-C803-41BA-B181-3DE83E048F10}.Ad-Hoc|Any CPU.Build.0 = Release|Any CPU
		{1BFEAA9E-C803-41BA-B181-3DE83E048F10}.Ad-Hoc|ARM.ActiveCfg = Release|Any CPU
		{1BFEAA9E-C803-41BA-B181-3DE83E048F10}.Ad-Hoc|ARM.Build.0 = Release|Any CPU
		{1BFEAA9E-C803-41BA-B181-3DE83E048F10}.Ad-Hoc|iPhone.ActiveCfg = Release|Any CPU
		{1BFEAA9E-C803-41BA-B181-3DE83E048F10}.Ad-Hoc|iPhone.Build.0 = Release|Any CPU
		{1BFEAA9E-C803-41BA-B181-3DE83E048F10}.Ad-Hoc|iPhoneSimulator.ActiveCfg = Release|Any CPU
		{1BFEAA9E-C803-41BA-B181-3DE83E048F10}.Ad-Hoc|iPhoneSimulator.Build.0 = Release|Any CPU
		{1BFEAA9E-C803-41BA-B181-3DE83E048F10}.Ad-Hoc|x64.ActiveCfg = Release|Any CPU
		{1BFEAA9E-C803-41BA-B181-3DE83E048F10}.Ad-Hoc|x64.Build.0 = Release|Any CPU
		{1BFEAA9E-C803-41BA-B181-3DE83E048F10}.Ad-Hoc|x86.ActiveCfg = Release|Any CPU
		{1BFEAA9E-C803-41BA-B181-3DE83E048F10}.Ad-Hoc|x86.Build.0 = Release|Any CPU
		{1BFEAA9E-C803-41BA-B181-3DE83E048F10}.AppStore|Any CPU.ActiveCfg = Release|Any CPU
		{1BFEAA9E-C803-41BA-B181-3DE83E048F10}.AppStore|Any CPU.Build.0 = Release|Any CPU
		{1BFEAA9E-C803-41BA-B181-3DE83E048F10}.AppStore|ARM.ActiveCfg = Release|Any CPU
		{1BFEAA9E-C803-41BA-B181-3DE83E048F10}.AppStore|ARM.Build.0 = Release|Any CPU
		{1BFEAA9E-C803-41BA-B181-3DE83E048F10}.AppStore|iPhone.ActiveCfg = Release|Any CPU
		{1BFEAA9E-C803-41BA-B181-3DE83E048F10}.AppStore|iPhone.Build.0 = Release|Any CPU
		{1BFEAA9E-C803-41BA-B181-3DE83E048F10}.AppStore|iPhoneSimulator.ActiveCfg = Release|Any CPU
		{1BFEAA9E-C803-41BA-B181-3DE83E048F10}.AppStore|iPhoneSimulator.Build.0 = Release|Any CPU
		{1BFEAA9E-C803-41BA-B181-3DE83E048F10}.AppStore|x64.ActiveCfg = Release|Any CPU
		{1BFEAA9E-C803-41BA-B181-3DE83E048F10}.AppStore|x64.Build.0 = Release|Any CPU
		{1BFEAA9E-C803-41BA-B181-3DE83E048F10}.AppStore|x86.ActiveCfg = Release|Any CPU
		{1BFEAA9E-C803-41BA-B181-3DE83E048F10}.AppStore|x86.Build.0 = Release|Any CPU
		{1BFEAA9E-C803-41BA-B181-3DE83E048F10}.Debug|Any CPU.ActiveCfg = Debug|Any CPU
		{1BFEAA9E-C803-41BA-B181-3DE83E048F10}.Debug|Any CPU.Build.0 = Debug|Any CPU
		{1BFEAA9E-C803-41BA-B181-3DE83E048F10}.Debug|ARM.ActiveCfg = Debug|Any CPU
		{1BFEAA9E-C803-41BA-B181-3DE83E048F10}.Debug|ARM.Build.0 = Debug|Any CPU
		{1BFEAA9E-C803-41BA-B181-3DE83E048F10}.Debug|iPhone.ActiveCfg = Debug|Any CPU
		{1BFEAA9E-C803-41BA-B181-3DE83E048F10}.Debug|iPhone.Build.0 = Debug|Any CPU
		{1BFEAA9E-C803-41BA-B181-3DE83E048F10}.Debug|iPhoneSimulator.ActiveCfg = Debug|Any CPU
		{1BFEAA9E-C803-41BA-B181-3DE83E048F10}.Debug|iPhoneSimulator.Build.0 = Debug|Any CPU
		{1BFEAA9E-C803-41BA-B181-3DE83E048F10}.Debug|x64.ActiveCfg = Debug|Any CPU
		{1BFEAA9E-C803-41BA-B181-3DE83E048F10}.Debug|x64.Build.0 = Debug|Any CPU
		{1BFEAA9E-C803-41BA-B181-3DE83E048F10}.Debug|x86.ActiveCfg = Debug|Any CPU
		{1BFEAA9E-C803-41BA-B181-3DE83E048F10}.Debug|x86.Build.0 = Debug|Any CPU
		{1BFEAA9E-C803-41BA-B181-3DE83E048F10}.Release|Any CPU.ActiveCfg = Release|Any CPU
		{1BFEAA9E-C803-41BA-B181-3DE83E048F10}.Release|Any CPU.Build.0 = Release|Any CPU
		{1BFEAA9E-C803-41BA-B181-3DE83E048F10}.Release|ARM.ActiveCfg = Release|Any CPU
		{1BFEAA9E-C803-41BA-B181-3DE83E048F10}.Release|ARM.Build.0 = Release|Any CPU
		{1BFEAA9E-C803-41BA-B181-3DE83E048F10}.Release|iPhone.ActiveCfg = Release|Any CPU
		{1BFEAA9E-C803-41BA-B181-3DE83E048F10}.Release|iPhone.Build.0 = Release|Any CPU
		{1BFEAA9E-C803-41BA-B181-3DE83E048F10}.Release|iPhoneSimulator.ActiveCfg = Release|Any CPU
		{1BFEAA9E-C803-41BA-B181-3DE83E048F10}.Release|iPhoneSimulator.Build.0 = Release|Any CPU
		{1BFEAA9E-C803-41BA-B181-3DE83E048F10}.Release|x64.ActiveCfg = Release|Any CPU
		{1BFEAA9E-C803-41BA-B181-3DE83E048F10}.Release|x64.Build.0 = Release|Any CPU
		{1BFEAA9E-C803-41BA-B181-3DE83E048F10}.Release|x86.ActiveCfg = Release|Any CPU
		{1BFEAA9E-C803-41BA-B181-3DE83E048F10}.Release|x86.Build.0 = Release|Any CPU
		{B1DEE71E-CA00-4C9B-880C-6CFEF895E26C}.Ad-Hoc|Any CPU.ActiveCfg = Release|x86
		{B1DEE71E-CA00-4C9B-880C-6CFEF895E26C}.Ad-Hoc|Any CPU.Build.0 = Release|x86
		{B1DEE71E-CA00-4C9B-880C-6CFEF895E26C}.Ad-Hoc|Any CPU.Deploy.0 = Release|x86
		{B1DEE71E-CA00-4C9B-880C-6CFEF895E26C}.Ad-Hoc|ARM.ActiveCfg = Release|ARM
		{B1DEE71E-CA00-4C9B-880C-6CFEF895E26C}.Ad-Hoc|ARM.Build.0 = Release|ARM
		{B1DEE71E-CA00-4C9B-880C-6CFEF895E26C}.Ad-Hoc|ARM.Deploy.0 = Release|ARM
		{B1DEE71E-CA00-4C9B-880C-6CFEF895E26C}.Ad-Hoc|iPhone.ActiveCfg = Release|x86
		{B1DEE71E-CA00-4C9B-880C-6CFEF895E26C}.Ad-Hoc|iPhone.Build.0 = Release|x86
		{B1DEE71E-CA00-4C9B-880C-6CFEF895E26C}.Ad-Hoc|iPhone.Deploy.0 = Release|x86
		{B1DEE71E-CA00-4C9B-880C-6CFEF895E26C}.Ad-Hoc|iPhoneSimulator.ActiveCfg = Release|x86
		{B1DEE71E-CA00-4C9B-880C-6CFEF895E26C}.Ad-Hoc|iPhoneSimulator.Build.0 = Release|x86
		{B1DEE71E-CA00-4C9B-880C-6CFEF895E26C}.Ad-Hoc|iPhoneSimulator.Deploy.0 = Release|x86
		{B1DEE71E-CA00-4C9B-880C-6CFEF895E26C}.Ad-Hoc|x64.ActiveCfg = Release|x64
		{B1DEE71E-CA00-4C9B-880C-6CFEF895E26C}.Ad-Hoc|x64.Build.0 = Release|x64
		{B1DEE71E-CA00-4C9B-880C-6CFEF895E26C}.Ad-Hoc|x64.Deploy.0 = Release|x64
		{B1DEE71E-CA00-4C9B-880C-6CFEF895E26C}.Ad-Hoc|x86.ActiveCfg = Release|x86
		{B1DEE71E-CA00-4C9B-880C-6CFEF895E26C}.Ad-Hoc|x86.Build.0 = Release|x86
		{B1DEE71E-CA00-4C9B-880C-6CFEF895E26C}.Ad-Hoc|x86.Deploy.0 = Release|x86
		{B1DEE71E-CA00-4C9B-880C-6CFEF895E26C}.AppStore|Any CPU.ActiveCfg = Release|x86
		{B1DEE71E-CA00-4C9B-880C-6CFEF895E26C}.AppStore|Any CPU.Build.0 = Release|x86
		{B1DEE71E-CA00-4C9B-880C-6CFEF895E26C}.AppStore|Any CPU.Deploy.0 = Release|x86
		{B1DEE71E-CA00-4C9B-880C-6CFEF895E26C}.AppStore|ARM.ActiveCfg = Release|ARM
		{B1DEE71E-CA00-4C9B-880C-6CFEF895E26C}.AppStore|ARM.Build.0 = Release|ARM
		{B1DEE71E-CA00-4C9B-880C-6CFEF895E26C}.AppStore|ARM.Deploy.0 = Release|ARM
		{B1DEE71E-CA00-4C9B-880C-6CFEF895E26C}.AppStore|iPhone.ActiveCfg = Release|x86
		{B1DEE71E-CA00-4C9B-880C-6CFEF895E26C}.AppStore|iPhone.Build.0 = Release|x86
		{B1DEE71E-CA00-4C9B-880C-6CFEF895E26C}.AppStore|iPhone.Deploy.0 = Release|x86
		{B1DEE71E-CA00-4C9B-880C-6CFEF895E26C}.AppStore|iPhoneSimulator.ActiveCfg = Release|x86
		{B1DEE71E-CA00-4C9B-880C-6CFEF895E26C}.AppStore|iPhoneSimulator.Build.0 = Release|x86
		{B1DEE71E-CA00-4C9B-880C-6CFEF895E26C}.AppStore|iPhoneSimulator.Deploy.0 = Release|x86
		{B1DEE71E-CA00-4C9B-880C-6CFEF895E26C}.AppStore|x64.ActiveCfg = Release|x64
		{B1DEE71E-CA00-4C9B-880C-6CFEF895E26C}.AppStore|x64.Build.0 = Release|x64
		{B1DEE71E-CA00-4C9B-880C-6CFEF895E26C}.AppStore|x64.Deploy.0 = Release|x64
		{B1DEE71E-CA00-4C9B-880C-6CFEF895E26C}.AppStore|x86.ActiveCfg = Release|x86
		{B1DEE71E-CA00-4C9B-880C-6CFEF895E26C}.AppStore|x86.Build.0 = Release|x86
		{B1DEE71E-CA00-4C9B-880C-6CFEF895E26C}.AppStore|x86.Deploy.0 = Release|x86
		{B1DEE71E-CA00-4C9B-880C-6CFEF895E26C}.Debug|Any CPU.ActiveCfg = Debug|x86
		{B1DEE71E-CA00-4C9B-880C-6CFEF895E26C}.Debug|ARM.ActiveCfg = Debug|ARM
		{B1DEE71E-CA00-4C9B-880C-6CFEF895E26C}.Debug|ARM.Build.0 = Debug|ARM
		{B1DEE71E-CA00-4C9B-880C-6CFEF895E26C}.Debug|ARM.Deploy.0 = Debug|ARM
		{B1DEE71E-CA00-4C9B-880C-6CFEF895E26C}.Debug|iPhone.ActiveCfg = Debug|x86
		{B1DEE71E-CA00-4C9B-880C-6CFEF895E26C}.Debug|iPhoneSimulator.ActiveCfg = Debug|x86
		{B1DEE71E-CA00-4C9B-880C-6CFEF895E26C}.Debug|x64.ActiveCfg = Debug|x64
		{B1DEE71E-CA00-4C9B-880C-6CFEF895E26C}.Debug|x64.Build.0 = Debug|x64
		{B1DEE71E-CA00-4C9B-880C-6CFEF895E26C}.Debug|x64.Deploy.0 = Debug|x64
		{B1DEE71E-CA00-4C9B-880C-6CFEF895E26C}.Debug|x86.ActiveCfg = Debug|x86
		{B1DEE71E-CA00-4C9B-880C-6CFEF895E26C}.Debug|x86.Build.0 = Debug|x86
		{B1DEE71E-CA00-4C9B-880C-6CFEF895E26C}.Debug|x86.Deploy.0 = Debug|x86
		{B1DEE71E-CA00-4C9B-880C-6CFEF895E26C}.Release|Any CPU.ActiveCfg = Release|x86
		{B1DEE71E-CA00-4C9B-880C-6CFEF895E26C}.Release|ARM.ActiveCfg = Release|ARM
		{B1DEE71E-CA00-4C9B-880C-6CFEF895E26C}.Release|ARM.Build.0 = Release|ARM
		{B1DEE71E-CA00-4C9B-880C-6CFEF895E26C}.Release|ARM.Deploy.0 = Release|ARM
		{B1DEE71E-CA00-4C9B-880C-6CFEF895E26C}.Release|iPhone.ActiveCfg = Release|x86
		{B1DEE71E-CA00-4C9B-880C-6CFEF895E26C}.Release|iPhoneSimulator.ActiveCfg = Release|x86
		{B1DEE71E-CA00-4C9B-880C-6CFEF895E26C}.Release|x64.ActiveCfg = Release|x64
		{B1DEE71E-CA00-4C9B-880C-6CFEF895E26C}.Release|x64.Build.0 = Release|x64
		{B1DEE71E-CA00-4C9B-880C-6CFEF895E26C}.Release|x64.Deploy.0 = Release|x64
		{B1DEE71E-CA00-4C9B-880C-6CFEF895E26C}.Release|x86.ActiveCfg = Release|x86
		{B1DEE71E-CA00-4C9B-880C-6CFEF895E26C}.Release|x86.Build.0 = Release|x86
		{B1DEE71E-CA00-4C9B-880C-6CFEF895E26C}.Release|x86.Deploy.0 = Release|x86
		{301EE275-18D8-4476-A0E7-E64EF3AB102F}.Ad-Hoc|Any CPU.ActiveCfg = Ad-Hoc|iPhoneSimulator
		{301EE275-18D8-4476-A0E7-E64EF3AB102F}.Ad-Hoc|ARM.ActiveCfg = Ad-Hoc|iPhone
		{301EE275-18D8-4476-A0E7-E64EF3AB102F}.Ad-Hoc|iPhone.ActiveCfg = Ad-Hoc|iPhone
		{301EE275-18D8-4476-A0E7-E64EF3AB102F}.Ad-Hoc|iPhone.Build.0 = Ad-Hoc|iPhone
		{301EE275-18D8-4476-A0E7-E64EF3AB102F}.Ad-Hoc|iPhoneSimulator.ActiveCfg = Ad-Hoc|iPhoneSimulator
		{301EE275-18D8-4476-A0E7-E64EF3AB102F}.Ad-Hoc|iPhoneSimulator.Build.0 = Ad-Hoc|iPhoneSimulator
		{301EE275-18D8-4476-A0E7-E64EF3AB102F}.Ad-Hoc|x64.ActiveCfg = Ad-Hoc|iPhone
		{301EE275-18D8-4476-A0E7-E64EF3AB102F}.Ad-Hoc|x86.ActiveCfg = Ad-Hoc|iPhone
		{301EE275-18D8-4476-A0E7-E64EF3AB102F}.AppStore|Any CPU.ActiveCfg = AppStore|iPhoneSimulator
		{301EE275-18D8-4476-A0E7-E64EF3AB102F}.AppStore|ARM.ActiveCfg = AppStore|iPhone
		{301EE275-18D8-4476-A0E7-E64EF3AB102F}.AppStore|iPhone.ActiveCfg = AppStore|iPhone
		{301EE275-18D8-4476-A0E7-E64EF3AB102F}.AppStore|iPhone.Build.0 = AppStore|iPhone
		{301EE275-18D8-4476-A0E7-E64EF3AB102F}.AppStore|iPhoneSimulator.ActiveCfg = AppStore|iPhoneSimulator
		{301EE275-18D8-4476-A0E7-E64EF3AB102F}.AppStore|iPhoneSimulator.Build.0 = AppStore|iPhoneSimulator
		{301EE275-18D8-4476-A0E7-E64EF3AB102F}.AppStore|x64.ActiveCfg = AppStore|iPhone
		{301EE275-18D8-4476-A0E7-E64EF3AB102F}.AppStore|x86.ActiveCfg = AppStore|iPhone
		{301EE275-18D8-4476-A0E7-E64EF3AB102F}.Debug|Any CPU.ActiveCfg = Debug|iPhoneSimulator
		{301EE275-18D8-4476-A0E7-E64EF3AB102F}.Debug|ARM.ActiveCfg = Debug|iPhone
		{301EE275-18D8-4476-A0E7-E64EF3AB102F}.Debug|iPhone.ActiveCfg = Debug|iPhone
		{301EE275-18D8-4476-A0E7-E64EF3AB102F}.Debug|iPhone.Build.0 = Debug|iPhone
		{301EE275-18D8-4476-A0E7-E64EF3AB102F}.Debug|iPhoneSimulator.ActiveCfg = Debug|iPhoneSimulator
		{301EE275-18D8-4476-A0E7-E64EF3AB102F}.Debug|iPhoneSimulator.Build.0 = Debug|iPhoneSimulator
		{301EE275-18D8-4476-A0E7-E64EF3AB102F}.Debug|x64.ActiveCfg = Debug|iPhone
		{301EE275-18D8-4476-A0E7-E64EF3AB102F}.Debug|x86.ActiveCfg = Debug|iPhone
		{301EE275-18D8-4476-A0E7-E64EF3AB102F}.Release|Any CPU.ActiveCfg = Release|iPhoneSimulator
		{301EE275-18D8-4476-A0E7-E64EF3AB102F}.Release|ARM.ActiveCfg = Release|iPhone
		{301EE275-18D8-4476-A0E7-E64EF3AB102F}.Release|iPhone.ActiveCfg = Release|iPhone
		{301EE275-18D8-4476-A0E7-E64EF3AB102F}.Release|iPhone.Build.0 = Release|iPhone
		{301EE275-18D8-4476-A0E7-E64EF3AB102F}.Release|iPhoneSimulator.ActiveCfg = Release|iPhoneSimulator
		{301EE275-18D8-4476-A0E7-E64EF3AB102F}.Release|iPhoneSimulator.Build.0 = Release|iPhoneSimulator
		{301EE275-18D8-4476-A0E7-E64EF3AB102F}.Release|x64.ActiveCfg = Release|iPhone
		{301EE275-18D8-4476-A0E7-E64EF3AB102F}.Release|x86.ActiveCfg = Release|iPhone
		{53E66748-FB00-410B-9BCC-3DA8985B00AC}.Ad-Hoc|Any CPU.ActiveCfg = Release|Any CPU
		{53E66748-FB00-410B-9BCC-3DA8985B00AC}.Ad-Hoc|Any CPU.Build.0 = Release|Any CPU
		{53E66748-FB00-410B-9BCC-3DA8985B00AC}.Ad-Hoc|ARM.ActiveCfg = Release|Any CPU
		{53E66748-FB00-410B-9BCC-3DA8985B00AC}.Ad-Hoc|ARM.Build.0 = Release|Any CPU
		{53E66748-FB00-410B-9BCC-3DA8985B00AC}.Ad-Hoc|iPhone.ActiveCfg = Release|Any CPU
		{53E66748-FB00-410B-9BCC-3DA8985B00AC}.Ad-Hoc|iPhone.Build.0 = Release|Any CPU
		{53E66748-FB00-410B-9BCC-3DA8985B00AC}.Ad-Hoc|iPhoneSimulator.ActiveCfg = Release|Any CPU
		{53E66748-FB00-410B-9BCC-3DA8985B00AC}.Ad-Hoc|iPhoneSimulator.Build.0 = Release|Any CPU
		{53E66748-FB00-410B-9BCC-3DA8985B00AC}.Ad-Hoc|x64.ActiveCfg = Release|Any CPU
		{53E66748-FB00-410B-9BCC-3DA8985B00AC}.Ad-Hoc|x64.Build.0 = Release|Any CPU
		{53E66748-FB00-410B-9BCC-3DA8985B00AC}.Ad-Hoc|x86.ActiveCfg = Release|Any CPU
		{53E66748-FB00-410B-9BCC-3DA8985B00AC}.Ad-Hoc|x86.Build.0 = Release|Any CPU
		{53E66748-FB00-410B-9BCC-3DA8985B00AC}.AppStore|Any CPU.ActiveCfg = Release|Any CPU
		{53E66748-FB00-410B-9BCC-3DA8985B00AC}.AppStore|Any CPU.Build.0 = Release|Any CPU
		{53E66748-FB00-410B-9BCC-3DA8985B00AC}.AppStore|ARM.ActiveCfg = Release|Any CPU
		{53E66748-FB00-410B-9BCC-3DA8985B00AC}.AppStore|ARM.Build.0 = Release|Any CPU
		{53E66748-FB00-410B-9BCC-3DA8985B00AC}.AppStore|iPhone.ActiveCfg = Release|Any CPU
		{53E66748-FB00-410B-9BCC-3DA8985B00AC}.AppStore|iPhone.Build.0 = Release|Any CPU
		{53E66748-FB00-410B-9BCC-3DA8985B00AC}.AppStore|iPhoneSimulator.ActiveCfg = Release|Any CPU
		{53E66748-FB00-410B-9BCC-3DA8985B00AC}.AppStore|iPhoneSimulator.Build.0 = Release|Any CPU
		{53E66748-FB00-410B-9BCC-3DA8985B00AC}.AppStore|x64.ActiveCfg = Release|Any CPU
		{53E66748-FB00-410B-9BCC-3DA8985B00AC}.AppStore|x64.Build.0 = Release|Any CPU
		{53E66748-FB00-410B-9BCC-3DA8985B00AC}.AppStore|x86.ActiveCfg = Release|Any CPU
		{53E66748-FB00-410B-9BCC-3DA8985B00AC}.AppStore|x86.Build.0 = Release|Any CPU
		{53E66748-FB00-410B-9BCC-3DA8985B00AC}.Debug|Any CPU.ActiveCfg = Debug|Any CPU
		{53E66748-FB00-410B-9BCC-3DA8985B00AC}.Debug|Any CPU.Build.0 = Debug|Any CPU
		{53E66748-FB00-410B-9BCC-3DA8985B00AC}.Debug|ARM.ActiveCfg = Debug|Any CPU
		{53E66748-FB00-410B-9BCC-3DA8985B00AC}.Debug|ARM.Build.0 = Debug|Any CPU
		{53E66748-FB00-410B-9BCC-3DA8985B00AC}.Debug|iPhone.ActiveCfg = Debug|Any CPU
		{53E66748-FB00-410B-9BCC-3DA8985B00AC}.Debug|iPhone.Build.0 = Debug|Any CPU
		{53E66748-FB00-410B-9BCC-3DA8985B00AC}.Debug|iPhoneSimulator.ActiveCfg = Debug|Any CPU
		{53E66748-FB00-410B-9BCC-3DA8985B00AC}.Debug|iPhoneSimulator.Build.0 = Debug|Any CPU
		{53E66748-FB00-410B-9BCC-3DA8985B00AC}.Debug|x64.ActiveCfg = Debug|Any CPU
		{53E66748-FB00-410B-9BCC-3DA8985B00AC}.Debug|x64.Build.0 = Debug|Any CPU
		{53E66748-FB00-410B-9BCC-3DA8985B00AC}.Debug|x86.ActiveCfg = Debug|Any CPU
		{53E66748-FB00-410B-9BCC-3DA8985B00AC}.Debug|x86.Build.0 = Debug|Any CPU
		{53E66748-FB00-410B-9BCC-3DA8985B00AC}.Release|Any CPU.ActiveCfg = Release|Any CPU
		{53E66748-FB00-410B-9BCC-3DA8985B00AC}.Release|Any CPU.Build.0 = Release|Any CPU
		{53E66748-FB00-410B-9BCC-3DA8985B00AC}.Release|ARM.ActiveCfg = Release|Any CPU
		{53E66748-FB00-410B-9BCC-3DA8985B00AC}.Release|ARM.Build.0 = Release|Any CPU
		{53E66748-FB00-410B-9BCC-3DA8985B00AC}.Release|iPhone.ActiveCfg = Release|Any CPU
		{53E66748-FB00-410B-9BCC-3DA8985B00AC}.Release|iPhone.Build.0 = Release|Any CPU
		{53E66748-FB00-410B-9BCC-3DA8985B00AC}.Release|iPhoneSimulator.ActiveCfg = Release|Any CPU
		{53E66748-FB00-410B-9BCC-3DA8985B00AC}.Release|iPhoneSimulator.Build.0 = Release|Any CPU
		{53E66748-FB00-410B-9BCC-3DA8985B00AC}.Release|x64.ActiveCfg = Release|Any CPU
		{53E66748-FB00-410B-9BCC-3DA8985B00AC}.Release|x64.Build.0 = Release|Any CPU
		{53E66748-FB00-410B-9BCC-3DA8985B00AC}.Release|x86.ActiveCfg = Release|Any CPU
		{53E66748-FB00-410B-9BCC-3DA8985B00AC}.Release|x86.Build.0 = Release|Any CPU
		{64BD7640-9B15-4597-B07A-C3C192FB7BFB}.Ad-Hoc|Any CPU.ActiveCfg = Release|Any CPU
		{64BD7640-9B15-4597-B07A-C3C192FB7BFB}.Ad-Hoc|Any CPU.Build.0 = Release|Any CPU
		{64BD7640-9B15-4597-B07A-C3C192FB7BFB}.Ad-Hoc|Any CPU.Deploy.0 = Release|Any CPU
		{64BD7640-9B15-4597-B07A-C3C192FB7BFB}.Ad-Hoc|ARM.ActiveCfg = Release|Any CPU
		{64BD7640-9B15-4597-B07A-C3C192FB7BFB}.Ad-Hoc|ARM.Build.0 = Release|Any CPU
		{64BD7640-9B15-4597-B07A-C3C192FB7BFB}.Ad-Hoc|ARM.Deploy.0 = Release|Any CPU
		{64BD7640-9B15-4597-B07A-C3C192FB7BFB}.Ad-Hoc|iPhone.ActiveCfg = Release|Any CPU
		{64BD7640-9B15-4597-B07A-C3C192FB7BFB}.Ad-Hoc|iPhone.Build.0 = Release|Any CPU
		{64BD7640-9B15-4597-B07A-C3C192FB7BFB}.Ad-Hoc|iPhone.Deploy.0 = Release|Any CPU
		{64BD7640-9B15-4597-B07A-C3C192FB7BFB}.Ad-Hoc|iPhoneSimulator.ActiveCfg = Release|Any CPU
		{64BD7640-9B15-4597-B07A-C3C192FB7BFB}.Ad-Hoc|iPhoneSimulator.Build.0 = Release|Any CPU
		{64BD7640-9B15-4597-B07A-C3C192FB7BFB}.Ad-Hoc|iPhoneSimulator.Deploy.0 = Release|Any CPU
		{64BD7640-9B15-4597-B07A-C3C192FB7BFB}.Ad-Hoc|x64.ActiveCfg = Release|Any CPU
		{64BD7640-9B15-4597-B07A-C3C192FB7BFB}.Ad-Hoc|x64.Build.0 = Release|Any CPU
		{64BD7640-9B15-4597-B07A-C3C192FB7BFB}.Ad-Hoc|x64.Deploy.0 = Release|Any CPU
		{64BD7640-9B15-4597-B07A-C3C192FB7BFB}.Ad-Hoc|x86.ActiveCfg = Release|Any CPU
		{64BD7640-9B15-4597-B07A-C3C192FB7BFB}.Ad-Hoc|x86.Build.0 = Release|Any CPU
		{64BD7640-9B15-4597-B07A-C3C192FB7BFB}.Ad-Hoc|x86.Deploy.0 = Release|Any CPU
		{64BD7640-9B15-4597-B07A-C3C192FB7BFB}.AppStore|Any CPU.ActiveCfg = Release|Any CPU
		{64BD7640-9B15-4597-B07A-C3C192FB7BFB}.AppStore|Any CPU.Build.0 = Release|Any CPU
		{64BD7640-9B15-4597-B07A-C3C192FB7BFB}.AppStore|Any CPU.Deploy.0 = Release|Any CPU
		{64BD7640-9B15-4597-B07A-C3C192FB7BFB}.AppStore|ARM.ActiveCfg = Release|Any CPU
		{64BD7640-9B15-4597-B07A-C3C192FB7BFB}.AppStore|ARM.Build.0 = Release|Any CPU
		{64BD7640-9B15-4597-B07A-C3C192FB7BFB}.AppStore|ARM.Deploy.0 = Release|Any CPU
		{64BD7640-9B15-4597-B07A-C3C192FB7BFB}.AppStore|iPhone.ActiveCfg = Release|Any CPU
		{64BD7640-9B15-4597-B07A-C3C192FB7BFB}.AppStore|iPhone.Build.0 = Release|Any CPU
		{64BD7640-9B15-4597-B07A-C3C192FB7BFB}.AppStore|iPhone.Deploy.0 = Release|Any CPU
		{64BD7640-9B15-4597-B07A-C3C192FB7BFB}.AppStore|iPhoneSimulator.ActiveCfg = Release|Any CPU
		{64BD7640-9B15-4597-B07A-C3C192FB7BFB}.AppStore|iPhoneSimulator.Build.0 = Release|Any CPU
		{64BD7640-9B15-4597-B07A-C3C192FB7BFB}.AppStore|iPhoneSimulator.Deploy.0 = Release|Any CPU
		{64BD7640-9B15-4597-B07A-C3C192FB7BFB}.AppStore|x64.ActiveCfg = Release|Any CPU
		{64BD7640-9B15-4597-B07A-C3C192FB7BFB}.AppStore|x64.Build.0 = Release|Any CPU
		{64BD7640-9B15-4597-B07A-C3C192FB7BFB}.AppStore|x64.Deploy.0 = Release|Any CPU
		{64BD7640-9B15-4597-B07A-C3C192FB7BFB}.AppStore|x86.ActiveCfg = Release|Any CPU
		{64BD7640-9B15-4597-B07A-C3C192FB7BFB}.AppStore|x86.Build.0 = Release|Any CPU
		{64BD7640-9B15-4597-B07A-C3C192FB7BFB}.AppStore|x86.Deploy.0 = Release|Any CPU
		{64BD7640-9B15-4597-B07A-C3C192FB7BFB}.Debug|Any CPU.ActiveCfg = Debug|Any CPU
		{64BD7640-9B15-4597-B07A-C3C192FB7BFB}.Debug|Any CPU.Build.0 = Debug|Any CPU
		{64BD7640-9B15-4597-B07A-C3C192FB7BFB}.Debug|Any CPU.Deploy.0 = Debug|Any CPU
		{64BD7640-9B15-4597-B07A-C3C192FB7BFB}.Debug|ARM.ActiveCfg = Debug|Any CPU
		{64BD7640-9B15-4597-B07A-C3C192FB7BFB}.Debug|ARM.Build.0 = Debug|Any CPU
		{64BD7640-9B15-4597-B07A-C3C192FB7BFB}.Debug|ARM.Deploy.0 = Debug|Any CPU
		{64BD7640-9B15-4597-B07A-C3C192FB7BFB}.Debug|iPhone.ActiveCfg = Debug|Any CPU
		{64BD7640-9B15-4597-B07A-C3C192FB7BFB}.Debug|iPhone.Build.0 = Debug|Any CPU
		{64BD7640-9B15-4597-B07A-C3C192FB7BFB}.Debug|iPhone.Deploy.0 = Debug|Any CPU
		{64BD7640-9B15-4597-B07A-C3C192FB7BFB}.Debug|iPhoneSimulator.ActiveCfg = Debug|Any CPU
		{64BD7640-9B15-4597-B07A-C3C192FB7BFB}.Debug|iPhoneSimulator.Build.0 = Debug|Any CPU
		{64BD7640-9B15-4597-B07A-C3C192FB7BFB}.Debug|iPhoneSimulator.Deploy.0 = Debug|Any CPU
		{64BD7640-9B15-4597-B07A-C3C192FB7BFB}.Debug|x64.ActiveCfg = Debug|Any CPU
		{64BD7640-9B15-4597-B07A-C3C192FB7BFB}.Debug|x64.Build.0 = Debug|Any CPU
		{64BD7640-9B15-4597-B07A-C3C192FB7BFB}.Debug|x64.Deploy.0 = Debug|Any CPU
		{64BD7640-9B15-4597-B07A-C3C192FB7BFB}.Debug|x86.ActiveCfg = Debug|Any CPU
		{64BD7640-9B15-4597-B07A-C3C192FB7BFB}.Debug|x86.Build.0 = Debug|Any CPU
		{64BD7640-9B15-4597-B07A-C3C192FB7BFB}.Debug|x86.Deploy.0 = Debug|Any CPU
		{64BD7640-9B15-4597-B07A-C3C192FB7BFB}.Release|Any CPU.ActiveCfg = Release|Any CPU
		{64BD7640-9B15-4597-B07A-C3C192FB7BFB}.Release|Any CPU.Build.0 = Release|Any CPU
		{64BD7640-9B15-4597-B07A-C3C192FB7BFB}.Release|Any CPU.Deploy.0 = Release|Any CPU
		{64BD7640-9B15-4597-B07A-C3C192FB7BFB}.Release|ARM.ActiveCfg = Release|Any CPU
		{64BD7640-9B15-4597-B07A-C3C192FB7BFB}.Release|ARM.Build.0 = Release|Any CPU
		{64BD7640-9B15-4597-B07A-C3C192FB7BFB}.Release|ARM.Deploy.0 = Release|Any CPU
		{64BD7640-9B15-4597-B07A-C3C192FB7BFB}.Release|iPhone.ActiveCfg = Release|Any CPU
		{64BD7640-9B15-4597-B07A-C3C192FB7BFB}.Release|iPhone.Build.0 = Release|Any CPU
		{64BD7640-9B15-4597-B07A-C3C192FB7BFB}.Release|iPhone.Deploy.0 = Release|Any CPU
		{64BD7640-9B15-4597-B07A-C3C192FB7BFB}.Release|iPhoneSimulator.ActiveCfg = Release|Any CPU
		{64BD7640-9B15-4597-B07A-C3C192FB7BFB}.Release|iPhoneSimulator.Build.0 = Release|Any CPU
		{64BD7640-9B15-4597-B07A-C3C192FB7BFB}.Release|iPhoneSimulator.Deploy.0 = Release|Any CPU
		{64BD7640-9B15-4597-B07A-C3C192FB7BFB}.Release|x64.ActiveCfg = Release|Any CPU
		{64BD7640-9B15-4597-B07A-C3C192FB7BFB}.Release|x64.Build.0 = Release|Any CPU
		{64BD7640-9B15-4597-B07A-C3C192FB7BFB}.Release|x64.Deploy.0 = Release|Any CPU
		{64BD7640-9B15-4597-B07A-C3C192FB7BFB}.Release|x86.ActiveCfg = Release|Any CPU
		{64BD7640-9B15-4597-B07A-C3C192FB7BFB}.Release|x86.Build.0 = Release|Any CPU
		{64BD7640-9B15-4597-B07A-C3C192FB7BFB}.Release|x86.Deploy.0 = Release|Any CPU
		{DDCEB2EF-C32A-4EFE-B4B9-2F124A2A4D70}.Ad-Hoc|Any CPU.ActiveCfg = Release|Any CPU
		{DDCEB2EF-C32A-4EFE-B4B9-2F124A2A4D70}.Ad-Hoc|Any CPU.Build.0 = Release|Any CPU
		{DDCEB2EF-C32A-4EFE-B4B9-2F124A2A4D70}.Ad-Hoc|ARM.ActiveCfg = Release|Any CPU
		{DDCEB2EF-C32A-4EFE-B4B9-2F124A2A4D70}.Ad-Hoc|ARM.Build.0 = Release|Any CPU
		{DDCEB2EF-C32A-4EFE-B4B9-2F124A2A4D70}.Ad-Hoc|iPhone.ActiveCfg = Release|Any CPU
		{DDCEB2EF-C32A-4EFE-B4B9-2F124A2A4D70}.Ad-Hoc|iPhone.Build.0 = Release|Any CPU
		{DDCEB2EF-C32A-4EFE-B4B9-2F124A2A4D70}.Ad-Hoc|iPhoneSimulator.ActiveCfg = Release|Any CPU
		{DDCEB2EF-C32A-4EFE-B4B9-2F124A2A4D70}.Ad-Hoc|iPhoneSimulator.Build.0 = Release|Any CPU
		{DDCEB2EF-C32A-4EFE-B4B9-2F124A2A4D70}.Ad-Hoc|x64.ActiveCfg = Release|Any CPU
		{DDCEB2EF-C32A-4EFE-B4B9-2F124A2A4D70}.Ad-Hoc|x64.Build.0 = Release|Any CPU
		{DDCEB2EF-C32A-4EFE-B4B9-2F124A2A4D70}.Ad-Hoc|x86.ActiveCfg = Release|Any CPU
		{DDCEB2EF-C32A-4EFE-B4B9-2F124A2A4D70}.Ad-Hoc|x86.Build.0 = Release|Any CPU
		{DDCEB2EF-C32A-4EFE-B4B9-2F124A2A4D70}.AppStore|Any CPU.ActiveCfg = Release|Any CPU
		{DDCEB2EF-C32A-4EFE-B4B9-2F124A2A4D70}.AppStore|Any CPU.Build.0 = Release|Any CPU
		{DDCEB2EF-C32A-4EFE-B4B9-2F124A2A4D70}.AppStore|ARM.ActiveCfg = Release|Any CPU
		{DDCEB2EF-C32A-4EFE-B4B9-2F124A2A4D70}.AppStore|ARM.Build.0 = Release|Any CPU
		{DDCEB2EF-C32A-4EFE-B4B9-2F124A2A4D70}.AppStore|iPhone.ActiveCfg = Release|Any CPU
		{DDCEB2EF-C32A-4EFE-B4B9-2F124A2A4D70}.AppStore|iPhone.Build.0 = Release|Any CPU
		{DDCEB2EF-C32A-4EFE-B4B9-2F124A2A4D70}.AppStore|iPhoneSimulator.ActiveCfg = Release|Any CPU
		{DDCEB2EF-C32A-4EFE-B4B9-2F124A2A4D70}.AppStore|iPhoneSimulator.Build.0 = Release|Any CPU
		{DDCEB2EF-C32A-4EFE-B4B9-2F124A2A4D70}.AppStore|x64.ActiveCfg = Release|Any CPU
		{DDCEB2EF-C32A-4EFE-B4B9-2F124A2A4D70}.AppStore|x64.Build.0 = Release|Any CPU
		{DDCEB2EF-C32A-4EFE-B4B9-2F124A2A4D70}.AppStore|x86.ActiveCfg = Release|Any CPU
		{DDCEB2EF-C32A-4EFE-B4B9-2F124A2A4D70}.AppStore|x86.Build.0 = Release|Any CPU
		{DDCEB2EF-C32A-4EFE-B4B9-2F124A2A4D70}.Debug|Any CPU.ActiveCfg = Debug|Any CPU
		{DDCEB2EF-C32A-4EFE-B4B9-2F124A2A4D70}.Debug|Any CPU.Build.0 = Debug|Any CPU
		{DDCEB2EF-C32A-4EFE-B4B9-2F124A2A4D70}.Debug|ARM.ActiveCfg = Debug|Any CPU
		{DDCEB2EF-C32A-4EFE-B4B9-2F124A2A4D70}.Debug|ARM.Build.0 = Debug|Any CPU
		{DDCEB2EF-C32A-4EFE-B4B9-2F124A2A4D70}.Debug|iPhone.ActiveCfg = Debug|Any CPU
		{DDCEB2EF-C32A-4EFE-B4B9-2F124A2A4D70}.Debug|iPhone.Build.0 = Debug|Any CPU
		{DDCEB2EF-C32A-4EFE-B4B9-2F124A2A4D70}.Debug|iPhoneSimulator.ActiveCfg = Debug|Any CPU
		{DDCEB2EF-C32A-4EFE-B4B9-2F124A2A4D70}.Debug|iPhoneSimulator.Build.0 = Debug|Any CPU
		{DDCEB2EF-C32A-4EFE-B4B9-2F124A2A4D70}.Debug|x64.ActiveCfg = Debug|Any CPU
		{DDCEB2EF-C32A-4EFE-B4B9-2F124A2A4D70}.Debug|x64.Build.0 = Debug|Any CPU
		{DDCEB2EF-C32A-4EFE-B4B9-2F124A2A4D70}.Debug|x86.ActiveCfg = Debug|Any CPU
		{DDCEB2EF-C32A-4EFE-B4B9-2F124A2A4D70}.Debug|x86.Build.0 = Debug|Any CPU
		{DDCEB2EF-C32A-4EFE-B4B9-2F124A2A4D70}.Release|Any CPU.ActiveCfg = Release|Any CPU
		{DDCEB2EF-C32A-4EFE-B4B9-2F124A2A4D70}.Release|Any CPU.Build.0 = Release|Any CPU
		{DDCEB2EF-C32A-4EFE-B4B9-2F124A2A4D70}.Release|ARM.ActiveCfg = Release|Any CPU
		{DDCEB2EF-C32A-4EFE-B4B9-2F124A2A4D70}.Release|ARM.Build.0 = Release|Any CPU
		{DDCEB2EF-C32A-4EFE-B4B9-2F124A2A4D70}.Release|iPhone.ActiveCfg = Release|Any CPU
		{DDCEB2EF-C32A-4EFE-B4B9-2F124A2A4D70}.Release|iPhone.Build.0 = Release|Any CPU
		{DDCEB2EF-C32A-4EFE-B4B9-2F124A2A4D70}.Release|iPhoneSimulator.ActiveCfg = Release|Any CPU
		{DDCEB2EF-C32A-4EFE-B4B9-2F124A2A4D70}.Release|iPhoneSimulator.Build.0 = Release|Any CPU
		{DDCEB2EF-C32A-4EFE-B4B9-2F124A2A4D70}.Release|x64.ActiveCfg = Release|Any CPU
		{DDCEB2EF-C32A-4EFE-B4B9-2F124A2A4D70}.Release|x64.Build.0 = Release|Any CPU
		{DDCEB2EF-C32A-4EFE-B4B9-2F124A2A4D70}.Release|x86.ActiveCfg = Release|Any CPU
		{DDCEB2EF-C32A-4EFE-B4B9-2F124A2A4D70}.Release|x86.Build.0 = Release|Any CPU
	EndGlobalSection
	GlobalSection(SolutionProperties) = preSolution
		HideSolutionNode = FALSE
	EndGlobalSection
	GlobalSection(ExtensibilityGlobals) = postSolution
		SolutionGuid = {C996E0C9-0F6B-4E0D-8253-025F00A22065}
	EndGlobalSection
EndGlobal
